
Microsoft Visual Studio Solution File, Format Version 12.00
# Visual Studio Version 17
VisualStudioVersion = 17.5.33627.172
MinimumVisualStudioVersion = 10.0.40219.1
Project("{FAE04EC0-301F-11D3-BF4B-00C04F79EFBC}") = "Test2", "Test2\Test2.csproj", "{6FB235C1-2FF1-41EC-95D5-D520FFEA9A5C}"
EndProject
Global
	GlobalSection(SolutionConfigurationPlatforms) = preSolution
		Debug|Any CPU = Debug|Any CPU
		Release|Any CPU = Release|Any CPU
	EndGlobalSection
	GlobalSection(ProjectConfigurationPlatforms) = postSolution
		{6FB235C1-2FF1-41EC-95D5-D520FFEA9A5C}.Debug|Any CPU.ActiveCfg = Debug|Any CPU
		{6FB235C1-2FF1-41EC-95D5-D520FFEA9A5C}.Debug|Any CPU.Build.0 = Debug|Any CPU
		{6FB235C1-2FF1-41EC-95D5-D520FFEA9A5C}.Release|Any CPU.ActiveCfg = Release|Any CPU
		{6FB235C1-2FF1-41EC-95D5-D520FFEA9A5C}.Release|Any CPU.Build.0 = Release|Any CPU
	EndGlobalSection
	GlobalSection(SolutionProperties) = preSolution
		HideSolutionNode = FALSE
	EndGlobalSection
	GlobalSection(ExtensibilityGlobals) = postSolution
		SolutionGuid = {3E646B09-6A74-487D-9981-B02E35EF7D04}
	EndGlobalSection
EndGlobal
